# THIS IS AN AUTOGENERATED FILE. DO NOT EDIT THIS FILE DIRECTLY.
# yarn lockfile v1


easy-stack@^1.0.0:
  version "1.0.0"
  resolved "https://registry.yarnpkg.com/easy-stack/-/easy-stack-1.0.0.tgz#12c91b3085a37f0baa336e9486eac4bf94e3e788"

event-pubsub@4.3.0:
  version "4.3.0"
  resolved "https://registry.yarnpkg.com/event-pubsub/-/event-pubsub-4.3.0.tgz#f68d816bc29f1ec02c539dc58c8dd40ce72cb36e"

js-message@1.0.5:
  version "1.0.5"
  resolved "https://registry.yarnpkg.com/js-message/-/js-message-1.0.5.tgz#2300d24b1af08e89dd095bc1a4c9c9cfcb892d15"

js-queue@2.0.0:
  version "2.0.0"
  resolved "https://registry.yarnpkg.com/js-queue/-/js-queue-2.0.0.tgz#362213cf860f468f0125fc6c96abc1742531f948"
  dependencies:
    easy-stack "^1.0.0"

node-ipc@^9.1.1:
  version "9.1.1"
  resolved "https://registry.yarnpkg.com/node-ipc/-/node-ipc-9.1.1.tgz#4e245ed6938e65100e595ebc5dc34b16e8dd5d69"
  dependencies:
    event-pubsub "4.3.0"
    js-message "1.0.5"
    js-queue "2.0.0"
